
Microsoft Visual Studio Solution File, Format Version 12.00
# Visual Studio Version 17
VisualStudioVersion = 17.9.34607.119
MinimumVisualStudioVersion = 10.0.40219.1
Project("{FAE04EC0-301F-11D3-BF4B-00C04F79EFBC}") = "E-LearningProject", "E-LearningProject\E-LearningProject.csproj", "{7B010D8E-CAC1-4835-8B53-3F3C61AFBBC0}"
EndProject
Global
	GlobalSection(SolutionConfigurationPlatforms) = preSolution
		Debug|Any CPU = Debug|Any CPU
		Release|Any CPU = Release|Any CPU
	EndGlobalSection
	GlobalSection(ProjectConfigurationPlatforms) = postSolution
		{7B010D8E-CAC1-4835-8B53-3F3C61AFBBC0}.Debug|Any CPU.ActiveCfg = Debug|Any CPU
		{7B010D8E-CAC1-4835-8B53-3F3C61AFBBC0}.Debug|Any CPU.Build.0 = Debug|Any CPU
		{7B010D8E-CAC1-4835-8B53-3F3C61AFBBC0}.Release|Any CPU.ActiveCfg = Release|Any CPU
		{7B010D8E-CAC1-4835-8B53-3F3C61AFBBC0}.Release|Any CPU.Build.0 = Release|Any CPU
	EndGlobalSection
	GlobalSection(SolutionProperties) = preSolution
		HideSolutionNode = FALSE
	EndGlobalSection
	GlobalSection(ExtensibilityGlobals) = postSolution
		SolutionGuid = {BF97152E-71E1-4D21-BA52-25CDF6B8E6D4}
	EndGlobalSection
EndGlobal
